
Microsoft Visual Studio Solution File, Format Version 12.00
# Visual Studio Version 16
VisualStudioVersion = 16.0.28803.352
MinimumVisualStudioVersion = 10.0.40219.1
Project("{FAE04EC0-301F-11D3-BF4B-00C04F79EFBC}") = "OnlineStore", "OnlineStore\OnlineStore.csproj", "{A5240746-1187-4A87-A8CB-AA922ECFCACF}"
EndProject
Global
	GlobalSection(SolutionConfigurationPlatforms) = preSolution
		Debug|Any CPU = Debug|Any CPU
		Release|Any CPU = Release|Any CPU
	EndGlobalSection
	GlobalSection(ProjectConfigurationPlatforms) = postSolution
		{A5240746-1187-4A87-A8CB-AA922ECFCACF}.Debug|Any CPU.ActiveCfg = Debug|Any CPU
		{A5240746-1187-4A87-A8CB-AA922ECFCACF}.Debug|Any CPU.Build.0 = Debug|Any CPU
		{A5240746-1187-4A87-A8CB-AA922ECFCACF}.Release|Any CPU.ActiveCfg = Release|Any CPU
		{A5240746-1187-4A87-A8CB-AA922ECFCACF}.Release|Any CPU.Build.0 = Release|Any CPU
	EndGlobalSection
	GlobalSection(SolutionProperties) = preSolution
		HideSolutionNode = FALSE
	EndGlobalSection
	GlobalSection(ExtensibilityGlobals) = postSolution
		SolutionGuid = {224EC423-7629-4105-879B-402CD79BFB5E}
	EndGlobalSection
EndGlobal
